// !$*UTF8*$!
{
	archiveVersion = 1;
	classes = {
	};
	objectVersion = 55;
	objects = {

/* Begin PBXBuildFile section */
		BEF1A98627F5EFF80094C392 /* main.cpp in Sources */ = {isa = PBXBuildFile; fileRef = BEF1A98527F5EFF80094C392 /* main.cpp */; };
		BEF1A99A27F9AA330094C392 /* DynamicArray.cpp in Sources */ = {isa = PBXBuildFile; fileRef = BEF1A99827F9AA330094C392 /* DynamicArray.cpp */; };
		BEF1A9A127F9C1770094C392 /* Sequence.cpp in Sources */ = {isa = PBXBuildFile; fileRef = BEF1A99F27F9C1770094C392 /* Sequence.cpp */; };
		BEF1A9A427F9C18E0094C392 /* LinkedList.cpp in Sources */ = {isa = PBXBuildFile; fileRef = BEF1A9A227F9C18E0094C392 /* LinkedList.cpp */; };
/* End PBXBuildFile section */

/* Begin PBXCopyFilesBuildPhase section */
		BEF1A98027F5EFF80094C392 /* CopyFiles */ = {
			isa = PBXCopyFilesBuildPhase;
			buildActionMask = 2147483647;
			dstPath = /usr/share/man/man1/;
			dstSubfolderSpec = 0;
			files = (
			);
			runOnlyForDeploymentPostprocessing = 1;
		};
/* End PBXCopyFilesBuildPhase section */

/* Begin PBXFileReference section */
		BEF1A98227F5EFF80094C392 /* lab2 */ = {isa = PBXFileReference; explicitFileType = "compiled.mach-o.executable"; includeInIndex = 0; path = lab2; sourceTree = BUILT_PRODUCTS_DIR; };
		BEF1A98527F5EFF80094C392 /* main.cpp */ = {isa = PBXFileReference; lastKnownFileType = sourcecode.cpp.cpp; path = main.cpp; sourceTree = "<group>"; };
		BEF1A99527F62B3F0094C392 /* matrix.cpp */ = {isa = PBXFileReference; lastKnownFileType = sourcecode.cpp.cpp; path = matrix.cpp; sourceTree = "<group>"; };
		BEF1A99627F62B3F0094C392 /* matrix.hpp */ = {isa = PBXFileReference; lastKnownFileType = sourcecode.cpp.h; path = matrix.hpp; sourceTree = "<group>"; };
		BEF1A99827F9AA330094C392 /* DynamicArray.cpp */ = {isa = PBXFileReference; lastKnownFileType = sourcecode.cpp.cpp; path = DynamicArray.cpp; sourceTree = "<group>"; };
		BEF1A99927F9AA330094C392 /* DynamicArray.hpp */ = {isa = PBXFileReference; lastKnownFileType = sourcecode.cpp.h; path = DynamicArray.hpp; sourceTree = "<group>"; };
		BEF1A99F27F9C1770094C392 /* Sequence.cpp */ = {isa = PBXFileReference; lastKnownFileType = sourcecode.cpp.cpp; path = Sequence.cpp; sourceTree = "<group>"; };
		BEF1A9A027F9C1770094C392 /* Sequence.hpp */ = {isa = PBXFileReference; lastKnownFileType = sourcecode.cpp.h; path = Sequence.hpp; sourceTree = "<group>"; };
		BEF1A9A227F9C18E0094C392 /* LinkedList.cpp */ = {isa = PBXFileReference; lastKnownFileType = sourcecode.cpp.cpp; path = LinkedList.cpp; sourceTree = "<group>"; };
		BEF1A9A327F9C18E0094C392 /* LinkedList.hpp */ = {isa = PBXFileReference; lastKnownFileType = sourcecode.cpp.h; path = LinkedList.hpp; sourceTree = "<group>"; };
/* End PBXFileReference section */

/* Begin PBXFrameworksBuildPhase section */
		BEF1A97F27F5EFF80094C392 /* Frameworks */ = {
			isa = PBXFrameworksBuildPhase;
			buildActionMask = 2147483647;
			files = (
			);
			runOnlyForDeploymentPostprocessing = 0;
		};
/* End PBXFrameworksBuildPhase section */

/* Begin PBXGroup section */
		BEF1A97927F5EFF80094C392 = {
			isa = PBXGroup;
			children = (
				BEF1A98427F5EFF80094C392 /* lab2 */,
				BEF1A98327F5EFF80094C392 /* Products */,
			);
			sourceTree = "<group>";
		};
		BEF1A98327F5EFF80094C392 /* Products */ = {
			isa = PBXGroup;
			children = (
				BEF1A98227F5EFF80094C392 /* lab2 */,
			);
			name = Products;
			sourceTree = "<group>";
		};
		BEF1A98427F5EFF80094C392 /* lab2 */ = {
			isa = PBXGroup;
			children = (
				BEF1A99E27F9C1650094C392 /* Sequence */,
				BEF1A99D27F9C15D0094C392 /* LinkedList */,
				BEF1A99C27F9C0300094C392 /* Matrix */,
				BEF1A99B27F9C00E0094C392 /* DynamicArray */,
				BEF1A98527F5EFF80094C392 /* main.cpp */,
			);
			path = lab2;
			sourceTree = "<group>";
		};
		BEF1A99B27F9C00E0094C392 /* DynamicArray */ = {
			isa = PBXGroup;
			children = (
				BEF1A99827F9AA330094C392 /* DynamicArray.cpp */,
				BEF1A99927F9AA330094C392 /* DynamicArray.hpp */,
			);
			path = DynamicArray;
			sourceTree = "<group>";
		};
		BEF1A99C27F9C0300094C392 /* Matrix */ = {
			isa = PBXGroup;
			children = (
				BEF1A99527F62B3F0094C392 /* matrix.cpp */,
				BEF1A99627F62B3F0094C392 /* matrix.hpp */,
			);
			path = Matrix;
			sourceTree = "<group>";
		};
		BEF1A99D27F9C15D0094C392 /* LinkedList */ = {
			isa = PBXGroup;
			children = (
				BEF1A9A227F9C18E0094C392 /* LinkedList.cpp */,
				BEF1A9A327F9C18E0094C392 /* LinkedList.hpp */,
			);
			path = LinkedList;
			sourceTree = "<group>";
		};
		BEF1A99E27F9C1650094C392 /* Sequence */ = {
			isa = PBXGroup;
			children = (
				BEF1A99F27F9C1770094C392 /* Sequence.cpp */,
				BEF1A9A027F9C1770094C392 /* Sequence.hpp */,
			);
			path = Sequence;
			sourceTree = "<group>";
		};
/* End PBXGroup section */

/* Begin PBXNativeTarget section */
		BEF1A98127F5EFF80094C392 /* lab2 */ = {
			isa = PBXNativeTarget;
			buildConfigurationList = BEF1A98927F5EFF80094C392 /* Build configuration list for PBXNativeTarget "lab2" */;
			buildPhases = (
				BEF1A97E27F5EFF80094C392 /* Sources */,
				BEF1A97F27F5EFF80094C392 /* Frameworks */,
				BEF1A98027F5EFF80094C392 /* CopyFiles */,
			);
			buildRules = (
			);
			dependencies = (
			);
			name = lab2;
			productName = lab2;
			productReference = BEF1A98227F5EFF80094C392 /* lab2 */;
			productType = "com.apple.product-type.tool";
		};
/* End PBXNativeTarget section */

/* Begin PBXProject section */
		BEF1A97A27F5EFF80094C392 /* Project object */ = {
			isa = PBXProject;
			attributes = {
				BuildIndependentTargetsInParallel = 1;
				LastUpgradeCheck = 1330;
				TargetAttributes = {
					BEF1A98127F5EFF80094C392 = {
						CreatedOnToolsVersion = 13.3;
					};
				};
			};
			buildConfigurationList = BEF1A97D27F5EFF80094C392 /* Build configuration list for PBXProject "lab2" */;
			compatibilityVersion = "Xcode 13.0";
			developmentRegion = en;
			hasScannedForEncodings = 0;
			knownRegions = (
				en,
				Base,
			);
			mainGroup = BEF1A97927F5EFF80094C392;
			productRefGroup = BEF1A98327F5EFF80094C392 /* Products */;
			projectDirPath = "";
			projectRoot = "";
			targets = (
				BEF1A98127F5EFF80094C392 /* lab2 */,
			);
		};
/* End PBXProject section */

/* Begin PBXSourcesBuildPhase section */
		BEF1A97E27F5EFF80094C392 /* Sources */ = {
			isa = PBXSourcesBuildPhase;
			buildActionMask = 2147483647;
			files = (
				BEF1A9A127F9C1770094C392 /* Sequence.cpp in Sources */,
				BEF1A98627F5EFF80094C392 /* main.cpp in Sources */,
				BEF1A9A427F9C18E0094C392 /* LinkedList.cpp in Sources */,
				BEF1A99A27F9AA330094C392 /* DynamicArray.cpp in Sources */,
			);
			runOnlyForDeploymentPostprocessing = 0;
		};
/* End PBXSourcesBuildPhase section */

/* Begin XCBuildConfiguration section */
		BEF1A98727F5EFF80094C392 /* Debug */ = {
			isa = XCBuildConfiguration;
			buildSettings = {
				ALWAYS_SEARCH_USER_PATHS = NO;
				CLANG_ANALYZER_NONNULL = YES;
				CLANG_ANALYZER_NUMBER_OBJECT_CONVERSION = YES_AGGRESSIVE;
				CLANG_CXX_LANGUAGE_STANDARD = "gnu++17";
				CLANG_ENABLE_MODULES = YES;
				CLANG_ENABLE_OBJC_ARC = YES;
				CLANG_ENABLE_OBJC_WEAK = YES;
				CLANG_WARN_BLOCK_CAPTURE_AUTORELEASING = YES;
				CLANG_WARN_BOOL_CONVERSION = YES;
				CLANG_WARN_COMMA = YES;
				CLANG_WARN_CONSTANT_CONVERSION = YES;
				CLANG_WARN_DEPRECATED_OBJC_IMPLEMENTATIONS = YES;
				CLANG_WARN_DIRECT_OBJC_ISA_USAGE = YES_ERROR;
				CLANG_WARN_DOCUMENTATION_COMMENTS = YES;
				CLANG_WARN_EMPTY_BODY = YES;
				CLANG_WARN_ENUM_CONVERSION = YES;
				CLANG_WARN_INFINITE_RECURSION = YES;
				CLANG_WARN_INT_CONVERSION = YES;
				CLANG_WARN_NON_LITERAL_NULL_CONVERSION = YES;
				CLANG_WARN_OBJC_IMPLICIT_RETAIN_SELF = YES;
				CLANG_WARN_OBJC_LITERAL_CONVERSION = YES;
				CLANG_WARN_OBJC_ROOT_CLASS = YES_ERROR;
				CLANG_WARN_QUOTED_INCLUDE_IN_FRAMEWORK_HEADER = YES;
				CLANG_WARN_RANGE_LOOP_ANALYSIS = YES;
				CLANG_WARN_STRICT_PROTOTYPES = YES;
				CLANG_WARN_SUSPICIOUS_MOVE = YES;
				CLANG_WARN_UNGUARDED_AVAILABILITY = YES_AGGRESSIVE;
				CLANG_WARN_UNREACHABLE_CODE = YES;
				CLANG_WARN__DUPLICATE_METHOD_MATCH = YES;
				COPY_PHASE_STRIP = NO;
				DEBUG_INFORMATION_FORMAT = dwarf;
				ENABLE_STRICT_OBJC_MSGSEND = YES;
				ENABLE_TESTABILITY = YES;
				GCC_C_LANGUAGE_STANDARD = gnu11;
				GCC_DYNAMIC_NO_PIC = NO;
				GCC_NO_COMMON_BLOCKS = YES;
				GCC_OPTIMIZATION_LEVEL = 0;
				GCC_PREPROCESSOR_DEFINITIONS = (
					"DEBUG=1",
					"$(inherited)",
				);
				GCC_WARN_64_TO_32_BIT_CONVERSION = YES;
				GCC_WARN_ABOUT_RETURN_TYPE = YES_ERROR;
				GCC_WARN_UNDECLARED_SELECTOR = YES;
				GCC_WARN_UNINITIALIZED_AUTOS = YES_AGGRESSIVE;
				GCC_WARN_UNUSED_FUNCTION = YES;
				GCC_WARN_UNUSED_VARIABLE = YES;
				MACOSX_DEPLOYMENT_TARGET = 12.2;
				MTL_ENABLE_DEBUG_INFO = INCLUDE_SOURCE;
				MTL_FAST_MATH = YES;
				ONLY_ACTIVE_ARCH = YES;
				SDKROOT = macosx;
			};
			name = Debug;
		};
		BEF1A98827F5EFF80094C392 /* Release */ = {
			isa = XCBuildConfiguration;
			buildSettings = {
				ALWAYS_SEARCH_USER_PATHS = NO;
				CLANG_ANALYZER_NONNULL = YES;
				CLANG_ANALYZER_NUMBER_OBJECT_CONVERSION = YES_AGGRESSIVE;
				CLANG_CXX_LANGUAGE_STANDARD = "gnu++17";
				CLANG_ENABLE_MODULES = YES;
				CLANG_ENABLE_OBJC_ARC = YES;
				CLANG_ENABLE_OBJC_WEAK = YES;
				CLANG_WARN_BLOCK_CAPTURE_AUTORELEASING = YES;
				CLANG_WARN_BOOL_CONVERSION = YES;
				CLANG_WARN_COMMA = YES;
				CLANG_WARN_CONSTANT_CONVERSION = YES;
				CLANG_WARN_DEPRECATED_OBJC_IMPLEMENTATIONS = YES;
				CLANG_WARN_DIRECT_OBJC_ISA_USAGE = YES_ERROR;
				CLANG_WARN_DOCUMENTATION_COMMENTS = YES;
				CLANG_WARN_EMPTY_BODY = YES;
				CLANG_WARN_ENUM_CONVERSION = YES;
				CLANG_WARN_INFINITE_RECURSION = YES;
				CLANG_WARN_INT_CONVERSION = YES;
				CLANG_WARN_NON_LITERAL_NULL_CONVERSION = YES;
				CLANG_WARN_OBJC_IMPLICIT_RETAIN_SELF = YES;
				CLANG_WARN_OBJC_LITERAL_CONVERSION = YES;
				CLANG_WARN_OBJC_ROOT_CLASS = YES_ERROR;
				CLANG_WARN_QUOTED_INCLUDE_IN_FRAMEWORK_HEADER = YES;
				CLANG_WARN_RANGE_LOOP_ANALYSIS = YES;
				CLANG_WARN_STRICT_PROTOTYPES = YES;
				CLANG_WARN_SUSPICIOUS_MOVE = YES;
				CLANG_WARN_UNGUARDED_AVAILABILITY = YES_AGGRESSIVE;
				CLANG_WARN_UNREACHABLE_CODE = YES;
				CLANG_WARN__DUPLICATE_METHOD_MATCH = YES;
				COPY_PHASE_STRIP = NO;
				DEBUG_INFORMATION_FORMAT = "dwarf-with-dsym";
				ENABLE_NS_ASSERTIONS = NO;
				ENABLE_STRICT_OBJC_MSGSEND = YES;
				GCC_C_LANGUAGE_STANDARD = gnu11;
				GCC_NO_COMMON_BLOCKS = YES;
				GCC_WARN_64_TO_32_BIT_CONVERSION = YES;
				GCC_WARN_ABOUT_RETURN_TYPE = YES_ERROR;
				GCC_WARN_UNDECLARED_SELECTOR = YES;
				GCC_WARN_UNINITIALIZED_AUTOS = YES_AGGRESSIVE;
				GCC_WARN_UNUSED_FUNCTION = YES;
				GCC_WARN_UNUSED_VARIABLE = YES;
				MACOSX_DEPLOYMENT_TARGET = 12.2;
				MTL_ENABLE_DEBUG_INFO = NO;
				MTL_FAST_MATH = YES;
				SDKROOT = macosx;
			};
			name = Release;
		};
		BEF1A98A27F5EFF80094C392 /* Debug */ = {
			isa = XCBuildConfiguration;
			buildSettings = {
				CODE_SIGN_STYLE = Automatic;
				PRODUCT_NAME = "$(TARGET_NAME)";
			};
			name = Debug;
		};
		BEF1A98B27F5EFF80094C392 /* Release */ = {
			isa = XCBuildConfiguration;
			buildSettings = {
				CODE_SIGN_STYLE = Automatic;
				PRODUCT_NAME = "$(TARGET_NAME)";
			};
			name = Release;
		};
/* End XCBuildConfiguration section */

/* Begin XCConfigurationList section */
		BEF1A97D27F5EFF80094C392 /* Build configuration list for PBXProject "lab2" */ = {
			isa = XCConfigurationList;
			buildConfigurations = (
				BEF1A98727F5EFF80094C392 /* Debug */,
				BEF1A98827F5EFF80094C392 /* Release */,
			);
			defaultConfigurationIsVisible = 0;
			defaultConfigurationName = Release;
		};
		BEF1A98927F5EFF80094C392 /* Build configuration list for PBXNativeTarget "lab2" */ = {
			isa = XCConfigurationList;
			buildConfigurations = (
				BEF1A98A27F5EFF80094C392 /* Debug */,
				BEF1A98B27F5EFF80094C392 /* Release */,
			);
			defaultConfigurationIsVisible = 0;
			defaultConfigurationName = Release;
		};
/* End XCConfigurationList section */
	};
	rootObject = BEF1A97A27F5EFF80094C392 /* Project object */;
}
